# This file is automatically @generated by Cargo.
# It is not intended for manual editing.
[[package]]
name = "colloquy"
version = "0.1.0"
dependencies = [
 "notcurses 1.2.0 (registry+https://github.com/rust-lang/crates.io-index)",
]

[[package]]
name = "notcurses"
version = "1.2.0"
source = "registry+https://github.com/rust-lang/crates.io-index"

[metadata]
"checksum notcurses 1.2.0 (registry+https://github.com/rust-lang/crates.io-index)" = "5922082c807aad44b9c62b337c18ba525aa836ac9d7e47b65879dfe3f734f262"
